<?xml version="1.0" encoding="UTF-8" standalone="yes" ?>
<CodeBlocks_project_file>
	<FileVersion major="1" minor="6" />
	<Project>
		<Option title="Bosql" />
		<Option pch_mode="2" />
		<Option compiler="gcc" />
		<Build>
			<Target title="Debug">
				<Option output="bin/Debug/Bosql" prefix_auto="1" extension_auto="1" />
				<Option object_output="obj/Debug/" />
				<Option type="1" />
				<Option compiler="gcc" />
				<Compiler>
					<Add option="-g" />
				</Compiler>
			</Target>
			<Target title="Release">
				<Option output="bin/Release/Bosql" prefix_auto="1" extension_auto="1" />
				<Option object_output="obj/Release/" />
				<Option type="1" />
				<Option compiler="gcc" />
				<Compiler>
					<Add option="-O2" />
				</Compiler>
				<Linker>
					<Add option="-s" />
				</Linker>
			</Target>
		</Build>
		<Compiler>
			<Add option="-Wall" />
		</Compiler>
		<Unit filename="commandExecute.c">
			<Option compilerVar="CC" />
		</Unit>
		<Unit filename="commandExecute.h" />
		<Unit filename="commands.c">
			<Option compilerVar="CC" />
		</Unit>
		<Unit filename="commands.h" />
		<Unit filename="data.h" />
		<Unit filename="database.c">
			<Option compilerVar="CC" />
		</Unit>
		<Unit filename="database.h" />
		<Unit filename="externvar.h" />
		<Unit filename="main.c">
			<Option compilerVar="CC" />
		</Unit>
		<Unit filename="mappingFile.c">
			<Option compilerVar="CC" />
		</Unit>
		<Unit filename="mappingFile.h" />
		<Unit filename="server.c">
			<Option compilerVar="CC" />
		</Unit>
		<Unit filename="server.h" />
		<Unit filename="storeDef.c">
			<Option compilerVar="CC" />
		</Unit>
		<Unit filename="storeDef.h" />
		<Unit filename="table.c">
			<Option compilerVar="CC" />
		</Unit>
		<Unit filename="table.h" />
		<Unit filename="useless.c">
			<Option compilerVar="CC" />
		</Unit>
		<Unit filename="useless.h" />
		<Extensions>
			<code_completion />
			<debugger />
		</Extensions>
	</Project>
</CodeBlocks_project_file>
